
Microsoft Visual Studio Solution File, Format Version 12.00
# Visual Studio 15
VisualStudioVersion = 15.0.28307.106
MinimumVisualStudioVersion = 10.0.40219.1
Project("{E24C65DC-7377-472B-9ABA-BC803B73C61A}") = "TIO.Web", "TIO.Web\", "{3A56C1E9-F63E-4029-B5EB-4EC3153BB631}"
	ProjectSection(WebsiteProperties) = preProject
		TargetFrameworkMoniker = ".NETFramework,Version%3Dv4.5"
		ProjectReferences = "{69e5edce-841d-4bdb-b673-85607ee44029}|TIO.Core.dll;{06672F68-2BD7-4AB3-AD78-D6F16B0C1268}|Library.Tools.dll;{F896D553-7D0C-404E-A3EC-6036594A0190}|ThisIsOdense.Mvc.dll;{46320B8E-C313-4CB4-9794-ED76EA28E9A3}|Library.Mvc.dll;"
		Debug.AspNetCompiler.VirtualPath = "/localhost_1392"
		Debug.AspNetCompiler.PhysicalPath = "TIO.Web\"
		Debug.AspNetCompiler.TargetPath = "PrecompiledWeb\localhost_1392\"
		Debug.AspNetCompiler.Updateable = "true"
		Debug.AspNetCompiler.ForceOverwrite = "true"
		Debug.AspNetCompiler.FixedNames = "false"
		Debug.AspNetCompiler.Debug = "True"
		Release.AspNetCompiler.VirtualPath = "/localhost_1392"
		Release.AspNetCompiler.PhysicalPath = "TIO.Web\"
		Release.AspNetCompiler.TargetPath = "PrecompiledWeb\localhost_1392\"
		Release.AspNetCompiler.Updateable = "true"
		Release.AspNetCompiler.ForceOverwrite = "true"
		Release.AspNetCompiler.FixedNames = "false"
		Release.AspNetCompiler.Debug = "False"
		VWDPort = "1392"
		SlnRelativePath = "TIO.Web\"
		DefaultWebSiteLanguage = "Visual C#"
	EndProjectSection
EndProject
Project("{FAE04EC0-301F-11D3-BF4B-00C04F79EFBC}") = "Library.Mvc", "Library.Mvc\Library.Mvc.csproj", "{46320B8E-C313-4CB4-9794-ED76EA28E9A3}"
EndProject
Project("{FAE04EC0-301F-11D3-BF4B-00C04F79EFBC}") = "Library.Tools", "Library.Tools\Library.Tools.csproj", "{06672F68-2BD7-4AB3-AD78-D6F16B0C1268}"
EndProject
Project("{FAE04EC0-301F-11D3-BF4B-00C04F79EFBC}") = "TIO.Mvc", "TIO.Mvc\TIO.Mvc.csproj", "{F896D553-7D0C-404E-A3EC-6036594A0190}"
EndProject
Project("{FAE04EC0-301F-11D3-BF4B-00C04F79EFBC}") = "TIO.Core", "TIO.Core\TIO.Core.csproj", "{69E5EDCE-841D-4BDB-B673-85607EE44029}"
EndProject
Global
	GlobalSection(SolutionConfigurationPlatforms) = preSolution
		Debug|Any CPU = Debug|Any CPU
		Release|Any CPU = Release|Any CPU
	EndGlobalSection
	GlobalSection(ProjectConfigurationPlatforms) = postSolution
		{3A56C1E9-F63E-4029-B5EB-4EC3153BB631}.Debug|Any CPU.ActiveCfg = Debug|Any CPU
		{3A56C1E9-F63E-4029-B5EB-4EC3153BB631}.Debug|Any CPU.Build.0 = Debug|Any CPU
		{3A56C1E9-F63E-4029-B5EB-4EC3153BB631}.Release|Any CPU.ActiveCfg = Debug|Any CPU
		{46320B8E-C313-4CB4-9794-ED76EA28E9A3}.Debug|Any CPU.ActiveCfg = Debug|Any CPU
		{46320B8E-C313-4CB4-9794-ED76EA28E9A3}.Debug|Any CPU.Build.0 = Debug|Any CPU
		{46320B8E-C313-4CB4-9794-ED76EA28E9A3}.Release|Any CPU.ActiveCfg = Release|Any CPU
		{46320B8E-C313-4CB4-9794-ED76EA28E9A3}.Release|Any CPU.Build.0 = Release|Any CPU
		{06672F68-2BD7-4AB3-AD78-D6F16B0C1268}.Debug|Any CPU.ActiveCfg = Debug|Any CPU
		{06672F68-2BD7-4AB3-AD78-D6F16B0C1268}.Debug|Any CPU.Build.0 = Debug|Any CPU
		{06672F68-2BD7-4AB3-AD78-D6F16B0C1268}.Release|Any CPU.ActiveCfg = Release|Any CPU
		{06672F68-2BD7-4AB3-AD78-D6F16B0C1268}.Release|Any CPU.Build.0 = Release|Any CPU
		{F896D553-7D0C-404E-A3EC-6036594A0190}.Debug|Any CPU.ActiveCfg = Debug|Any CPU
		{F896D553-7D0C-404E-A3EC-6036594A0190}.Debug|Any CPU.Build.0 = Debug|Any CPU
		{F896D553-7D0C-404E-A3EC-6036594A0190}.Release|Any CPU.ActiveCfg = Release|Any CPU
		{F896D553-7D0C-404E-A3EC-6036594A0190}.Release|Any CPU.Build.0 = Release|Any CPU
		{69E5EDCE-841D-4BDB-B673-85607EE44029}.Debug|Any CPU.ActiveCfg = Debug|Any CPU
		{69E5EDCE-841D-4BDB-B673-85607EE44029}.Debug|Any CPU.Build.0 = Debug|Any CPU
		{69E5EDCE-841D-4BDB-B673-85607EE44029}.Release|Any CPU.ActiveCfg = Release|Any CPU
		{69E5EDCE-841D-4BDB-B673-85607EE44029}.Release|Any CPU.Build.0 = Release|Any CPU
	EndGlobalSection
	GlobalSection(SolutionProperties) = preSolution
		HideSolutionNode = FALSE
	EndGlobalSection
	GlobalSection(ExtensibilityGlobals) = postSolution
		SolutionGuid = {7885503E-6C95-41D4-AA6F-361FE3787FF1}
	EndGlobalSection
EndGlobal
